
Microsoft Visual Studio Solution File, Format Version 12.00
# Visual Studio Version 16
VisualStudioVersion = 16.0.30907.101
MinimumVisualStudioVersion = 10.0.40219.1
Project("{FAE04EC0-301F-11D3-BF4B-00C04F79EFBC}") = "WebApplication2", "WebApplication2\WebApplication2.csproj", "{C36DE599-EEB5-4052-A117-823317910486}"
EndProject
Project("{9A19103F-16F7-4668-BE54-9A1E7A4F7556}") = "DAL", "DAL\DAL.csproj", "{F2F6E9A8-B4C9-4E5F-9BB1-DE5FE71CCD1B}"
EndProject
Project("{9A19103F-16F7-4668-BE54-9A1E7A4F7556}") = "BLL", "BLL\BLL.csproj", "{9F81768B-BB1E-457A-A143-07B808D258CA}"
EndProject
Project("{9A19103F-16F7-4668-BE54-9A1E7A4F7556}") = "Models", "Models\Models.csproj", "{B9AF99D3-EA3F-4531-B4B0-F21AA803F6BF}"
EndProject
Project("{9A19103F-16F7-4668-BE54-9A1E7A4F7556}") = "Test", "Test\Test.csproj", "{3E778E50-B1B5-4C9C-A808-EF3481B5E441}"
EndProject
Project("{9A19103F-16F7-4668-BE54-9A1E7A4F7556}") = "BlazorApp1", "BlazorApp1\BlazorApp1.csproj", "{1A0C3E8A-768B-4702-BB17-7037E78E3C5D}"
EndProject
Project("{9A19103F-16F7-4668-BE54-9A1E7A4F7556}") = "BlazorApp3", "BlazorApp3\BlazorApp3.csproj", "{80769BC5-2005-4FE7-897F-6AC934A518AF}"
EndProject
Project("{FAE04EC0-301F-11D3-BF4B-00C04F79EFBC}") = "WebApplication3", "WebApplication3\WebApplication3.csproj", "{D7E8B309-56A3-407C-A1BF-5F552AD44D7A}"
EndProject
Project("{FAE04EC0-301F-11D3-BF4B-00C04F79EFBC}") = "BlazorApp4", "BlazorApp4\BlazorApp4.csproj", "{770B75CC-2DD5-4AEA-B56D-EB5D6DE8EF65}"
EndProject
Global
	GlobalSection(SolutionConfigurationPlatforms) = preSolution
		Debug|Any CPU = Debug|Any CPU
		Release|Any CPU = Release|Any CPU
	EndGlobalSection
	GlobalSection(ProjectConfigurationPlatforms) = postSolution
		{C36DE599-EEB5-4052-A117-823317910486}.Debug|Any CPU.ActiveCfg = Debug|Any CPU
		{C36DE599-EEB5-4052-A117-823317910486}.Debug|Any CPU.Build.0 = Debug|Any CPU
		{C36DE599-EEB5-4052-A117-823317910486}.Release|Any CPU.ActiveCfg = Release|Any CPU
		{C36DE599-EEB5-4052-A117-823317910486}.Release|Any CPU.Build.0 = Release|Any CPU
		{F2F6E9A8-B4C9-4E5F-9BB1-DE5FE71CCD1B}.Debug|Any CPU.ActiveCfg = Debug|Any CPU
		{F2F6E9A8-B4C9-4E5F-9BB1-DE5FE71CCD1B}.Debug|Any CPU.Build.0 = Debug|Any CPU
		{F2F6E9A8-B4C9-4E5F-9BB1-DE5FE71CCD1B}.Release|Any CPU.ActiveCfg = Release|Any CPU
		{F2F6E9A8-B4C9-4E5F-9BB1-DE5FE71CCD1B}.Release|Any CPU.Build.0 = Release|Any CPU
		{9F81768B-BB1E-457A-A143-07B808D258CA}.Debug|Any CPU.ActiveCfg = Debug|Any CPU
		{9F81768B-BB1E-457A-A143-07B808D258CA}.Debug|Any CPU.Build.0 = Debug|Any CPU
		{9F81768B-BB1E-457A-A143-07B808D258CA}.Release|Any CPU.ActiveCfg = Release|Any CPU
		{9F81768B-BB1E-457A-A143-07B808D258CA}.Release|Any CPU.Build.0 = Release|Any CPU
		{B9AF99D3-EA3F-4531-B4B0-F21AA803F6BF}.Debug|Any CPU.ActiveCfg = Debug|Any CPU
		{B9AF99D3-EA3F-4531-B4B0-F21AA803F6BF}.Debug|Any CPU.Build.0 = Debug|Any CPU
		{B9AF99D3-EA3F-4531-B4B0-F21AA803F6BF}.Release|Any CPU.ActiveCfg = Release|Any CPU
		{B9AF99D3-EA3F-4531-B4B0-F21AA803F6BF}.Release|Any CPU.Build.0 = Release|Any CPU
		{3E778E50-B1B5-4C9C-A808-EF3481B5E441}.Debug|Any CPU.ActiveCfg = Debug|Any CPU
		{3E778E50-B1B5-4C9C-A808-EF3481B5E441}.Debug|Any CPU.Build.0 = Debug|Any CPU
		{3E778E50-B1B5-4C9C-A808-EF3481B5E441}.Release|Any CPU.ActiveCfg = Release|Any CPU
		{3E778E50-B1B5-4C9C-A808-EF3481B5E441}.Release|Any CPU.Build.0 = Release|Any CPU
		{1A0C3E8A-768B-4702-BB17-7037E78E3C5D}.Debug|Any CPU.ActiveCfg = Debug|Any CPU
		{1A0C3E8A-768B-4702-BB17-7037E78E3C5D}.Debug|Any CPU.Build.0 = Debug|Any CPU
		{1A0C3E8A-768B-4702-BB17-7037E78E3C5D}.Release|Any CPU.ActiveCfg = Release|Any CPU
		{1A0C3E8A-768B-4702-BB17-7037E78E3C5D}.Release|Any CPU.Build.0 = Release|Any CPU
		{80769BC5-2005-4FE7-897F-6AC934A518AF}.Debug|Any CPU.ActiveCfg = Debug|Any CPU
		{80769BC5-2005-4FE7-897F-6AC934A518AF}.Debug|Any CPU.Build.0 = Debug|Any CPU
		{80769BC5-2005-4FE7-897F-6AC934A518AF}.Release|Any CPU.ActiveCfg = Release|Any CPU
		{80769BC5-2005-4FE7-897F-6AC934A518AF}.Release|Any CPU.Build.0 = Release|Any CPU
		{D7E8B309-56A3-407C-A1BF-5F552AD44D7A}.Debug|Any CPU.ActiveCfg = Debug|Any CPU
		{D7E8B309-56A3-407C-A1BF-5F552AD44D7A}.Debug|Any CPU.Build.0 = Debug|Any CPU
		{D7E8B309-56A3-407C-A1BF-5F552AD44D7A}.Release|Any CPU.ActiveCfg = Release|Any CPU
		{D7E8B309-56A3-407C-A1BF-5F552AD44D7A}.Release|Any CPU.Build.0 = Release|Any CPU
		{770B75CC-2DD5-4AEA-B56D-EB5D6DE8EF65}.Debug|Any CPU.ActiveCfg = Debug|Any CPU
		{770B75CC-2DD5-4AEA-B56D-EB5D6DE8EF65}.Debug|Any CPU.Build.0 = Debug|Any CPU
		{770B75CC-2DD5-4AEA-B56D-EB5D6DE8EF65}.Release|Any CPU.ActiveCfg = Release|Any CPU
		{770B75CC-2DD5-4AEA-B56D-EB5D6DE8EF65}.Release|Any CPU.Build.0 = Release|Any CPU
	EndGlobalSection
	GlobalSection(SolutionProperties) = preSolution
		HideSolutionNode = FALSE
	EndGlobalSection
	GlobalSection(ExtensibilityGlobals) = postSolution
		SolutionGuid = {EFDA4941-090E-4AF8-A796-3FCA89EF7F26}
	EndGlobalSection
EndGlobal
